
Microsoft Visual Studio Solution File, Format Version 12.00
# Visual Studio Version 17
VisualStudioVersion = 17.8.34511.84
MinimumVisualStudioVersion = 10.0.40219.1
Project("{FAE04EC0-301F-11D3-BF4B-00C04F79EFBC}") = "TheYuGiOhConsoleApp", "TheYuGiOhConsoleApp\TheYuGiOhConsoleApp.csproj", "{15B471C9-1D74-43E4-A8DB-3E14E55AB09C}"
EndProject
Global
	GlobalSection(SolutionConfigurationPlatforms) = preSolution
		Debug|Any CPU = Debug|Any CPU
		Release|Any CPU = Release|Any CPU
	EndGlobalSection
	GlobalSection(ProjectConfigurationPlatforms) = postSolution
		{15B471C9-1D74-43E4-A8DB-3E14E55AB09C}.Debug|Any CPU.ActiveCfg = Debug|Any CPU
		{15B471C9-1D74-43E4-A8DB-3E14E55AB09C}.Debug|Any CPU.Build.0 = Debug|Any CPU
		{15B471C9-1D74-43E4-A8DB-3E14E55AB09C}.Release|Any CPU.ActiveCfg = Release|Any CPU
		{15B471C9-1D74-43E4-A8DB-3E14E55AB09C}.Release|Any CPU.Build.0 = Release|Any CPU
	EndGlobalSection
	GlobalSection(SolutionProperties) = preSolution
		HideSolutionNode = FALSE
	EndGlobalSection
	GlobalSection(ExtensibilityGlobals) = postSolution
		SolutionGuid = {4D6EFA80-A259-4379-9C36-CFC010A6EBB4}
	EndGlobalSection
EndGlobal
